{
  "name": "cesspace-arc",
  "version": "0.0.0-rc00",
  "lockfileVersion": 3,
  "requires": true,
  "packages": {
    "": {
      "name": "cesspace-arc",
      "version": "0.0.0-rc00",
      "license": "Apache-2.0",
      "workspaces": [
        "packages/*",
        "apps/*"
      ],
      "devDependencies": {
        "@types/node": "^20.12.7",
        "typescript": "^5.4.5"
      }
    },
    "apps/cli": {
      "name": "@cesspace-arc/cli",
      "version": "0.0.0-rc00",
      "license": "Apache-2.0",
      "dependencies": {
        "@cesspace-arc/audit": "*",
        "@cesspace-arc/policy": "*",
        "@cesspace-arc/protocol": "*"
      },
      "bin": {
        "arc": "dist/index.js"
      }
    },
    "apps/mcp-server": {
      "name": "@cesspace-arc/mcp-server",
      "version": "0.0.0-rc00",
      "license": "Apache-2.0",
      "dependencies": {
        "@cesspace-arc/audit": "*",
        "@cesspace-arc/filesystem": "*",
        "@cesspace-arc/git": "*",
        "@cesspace-arc/policy": "*",
        "@cesspace-arc/protocol": "*"
      }
    },
    "node_modules/@cesspace-arc/audit": {
      "resolved": "packages/audit",
      "link": true
    },
    "node_modules/@cesspace-arc/auth": {
      "resolved": "packages/auth",
      "link": true
    },
    "node_modules/@cesspace-arc/cli": {
      "resolved": "apps/cli",
      "link": true
    },
    "node_modules/@cesspace-arc/filesystem": {
      "resolved": "packages/filesystem",
      "link": true
    },
    "node_modules/@cesspace-arc/git": {
      "resolved": "packages/git",
      "link": true
    },
    "node_modules/@cesspace-arc/mcp-server": {
      "resolved": "apps/mcp-server",
      "link": true
    },
    "node_modules/@cesspace-arc/policy": {
      "resolved": "packages/policy",
      "link": true
    },
    "node_modules/@cesspace-arc/processes": {
      "resolved": "packages/processes",
      "link": true
    },
    "node_modules/@cesspace-arc/protocol": {
      "resolved": "packages/protocol",
      "link": true
    },
    "node_modules/@cesspace-arc/terminal": {
      "resolved": "packages/terminal",
      "link": true
    },
    "node_modules/@types/node": {
      "version": "20.19.43",
      "resolved": "https://registry.npmjs.org/@types/node/-/node-20.19.43.tgz",
      "integrity": "sha512-6oYBAi5ikg4Pl+kGsoYtawUMBT2zZMCvPNF7pVLnHZfd1zf38DRiWn/gT01RYCdUqkv7Fhr+C9ot4/tb+2sVvA==",
      "dev": true,
      "license": "MIT",
      "dependencies": {
        "undici-types": "~6.21.0"
      }
    },
    "node_modules/typescript": {
      "version": "5.9.3",
      "resolved": "https://registry.npmjs.org/typescript/-/typescript-5.9.3.tgz",
      "integrity": "sha512-jl1vZzPDinLr9eUt3J/t7V6FgNEw9QjvBPdysz9KfQDD41fQrC2Y4vKQdiaUpFT4bXlb1RHhLpp8wtm6M5TgSw==",
      "dev": true,
      "license": "Apache-2.0",
      "bin": {
        "tsc": "bin/tsc",
        "tsserver": "bin/tsserver"
      },
      "engines": {
        "node": ">=14.17"
      }
    },
    "node_modules/undici-types": {
      "version": "6.21.0",
      "resolved": "https://registry.npmjs.org/undici-types/-/undici-types-6.21.0.tgz",
      "integrity": "sha512-iwDZqg0QAGrg9Rav5H4n0M64c3mkR59cJ6wQp+7C4nI0gsmExaedaYLNO44eT4AtBBwjbTiGPMlt2Md0T9H9JQ==",
      "dev": true,
      "license": "MIT"
    },
    "packages/audit": {
      "name": "@cesspace-arc/audit",
      "version": "0.0.0-rc00",
      "license": "Apache-2.0",
      "dependencies": {
        "@cesspace-arc/protocol": "*"
      }
    },
    "packages/auth": {
      "name": "@cesspace-arc/auth",
      "version": "0.0.0-rc00",
      "license": "Apache-2.0",
      "dependencies": {
        "@cesspace-arc/protocol": "*"
      }
    },
    "packages/filesystem": {
      "name": "@cesspace-arc/filesystem",
      "version": "0.0.0-rc00",
      "license": "Apache-2.0",
      "dependencies": {
        "@cesspace-arc/protocol": "*"
      }
    },
    "packages/git": {
      "name": "@cesspace-arc/git",
      "version": "0.0.0-rc00",
      "license": "Apache-2.0",
      "dependencies": {
        "@cesspace-arc/filesystem": "*",
        "@cesspace-arc/protocol": "*"
      }
    },
    "packages/policy": {
      "name": "@cesspace-arc/policy",
      "version": "0.0.0-rc00",
      "license": "Apache-2.0",
      "dependencies": {
        "@cesspace-arc/protocol": "*"
      }
    },
    "packages/processes": {
      "name": "@cesspace-arc/processes",
      "version": "0.0.0-rc00",
      "license": "Apache-2.0",
      "dependencies": {
        "@cesspace-arc/protocol": "*"
      }
    },
    "packages/protocol": {
      "name": "@cesspace-arc/protocol",
      "version": "0.0.0-rc00",
      "license": "Apache-2.0"
    },
    "packages/terminal": {
      "name": "@cesspace-arc/terminal",
      "version": "0.0.0-rc00",
      "license": "Apache-2.0",
      "dependencies": {
        "@cesspace-arc/filesystem": "*",
        "@cesspace-arc/policy": "*",
        "@cesspace-arc/protocol": "*"
      }
    }
  }
}
